
Microsoft Visual Studio Solution File, Format Version 12.00
# Visual Studio Version 16
VisualStudioVersion = 16.0.31112.23
MinimumVisualStudioVersion = 10.0.40219.1
Project("{FAE04EC0-301F-11D3-BF4B-00C04F79EFBC}") = "MyGalleryApp", "MyGalleryApp\MyGalleryApp.csproj", "{D9B3EC77-0DB5-4351-B36F-58F1541451FB}"
EndProject
Global
	GlobalSection(SolutionConfigurationPlatforms) = preSolution
		Debug|Any CPU = Debug|Any CPU
		Release|Any CPU = Release|Any CPU
	EndGlobalSection
	GlobalSection(ProjectConfigurationPlatforms) = postSolution
		{D9B3EC77-0DB5-4351-B36F-58F1541451FB}.Debug|Any CPU.ActiveCfg = Debug|Any CPU
		{D9B3EC77-0DB5-4351-B36F-58F1541451FB}.Debug|Any CPU.Build.0 = Debug|Any CPU
		{D9B3EC77-0DB5-4351-B36F-58F1541451FB}.Release|Any CPU.ActiveCfg = Release|Any CPU
		{D9B3EC77-0DB5-4351-B36F-58F1541451FB}.Release|Any CPU.Build.0 = Release|Any CPU
	EndGlobalSection
	GlobalSection(SolutionProperties) = preSolution
		HideSolutionNode = FALSE
	EndGlobalSection
	GlobalSection(ExtensibilityGlobals) = postSolution
		SolutionGuid = {AE2FDA00-CD7D-4910-B659-3ACF48D9574A}
	EndGlobalSection
EndGlobal
